
Microsoft Visual Studio Solution File, Format Version 12.00
# Visual Studio Express 15 for Windows Desktop
VisualStudioVersion = 15.0.27703.2047
MinimumVisualStudioVersion = 10.0.40219.1
Project("{FAE04EC0-301F-11D3-BF4B-00C04F79EFBC}") = "TP3", "TP3\TP3.csproj", "{D103CC1F-97FF-4FBE-9CC8-E8791006FD12}"
EndProject
Project("{FAE04EC0-301F-11D3-BF4B-00C04F79EFBC}") = "EntidadesAbstractas", "EntidadesAbstractas\EntidadesAbstractas.csproj", "{D1C1ED54-74C3-481A-87C5-1EAD1B24183B}"
EndProject
Project("{FAE04EC0-301F-11D3-BF4B-00C04F79EFBC}") = "Entidades", "Entidades\Entidades.csproj", "{27C114D9-833F-47FD-B384-4E1BCC9B84A0}"
EndProject
Project("{FAE04EC0-301F-11D3-BF4B-00C04F79EFBC}") = "Excepciones", "Excepciones\Excepciones.csproj", "{1F0F724E-8E6D-40F9-9A29-A90DEFD05266}"
EndProject
Project("{FAE04EC0-301F-11D3-BF4B-00C04F79EFBC}") = "Archivos", "Archivos\Archivos.csproj", "{784E6791-488A-4140-8BF1-0BE74477D96F}"
EndProject
Project("{FAE04EC0-301F-11D3-BF4B-00C04F79EFBC}") = "TestsUnitarios", "TestsUnitarios\TestsUnitarios.csproj", "{00E8ADD8-9CAC-4F1E-AC99-363CE8FFF910}"
EndProject
Global
	GlobalSection(SolutionConfigurationPlatforms) = preSolution
		Debug|Any CPU = Debug|Any CPU
		Release|Any CPU = Release|Any CPU
	EndGlobalSection
	GlobalSection(ProjectConfigurationPlatforms) = postSolution
		{D103CC1F-97FF-4FBE-9CC8-E8791006FD12}.Debug|Any CPU.ActiveCfg = Debug|Any CPU
		{D103CC1F-97FF-4FBE-9CC8-E8791006FD12}.Debug|Any CPU.Build.0 = Debug|Any CPU
		{D103CC1F-97FF-4FBE-9CC8-E8791006FD12}.Release|Any CPU.ActiveCfg = Release|Any CPU
		{D103CC1F-97FF-4FBE-9CC8-E8791006FD12}.Release|Any CPU.Build.0 = Release|Any CPU
		{D1C1ED54-74C3-481A-87C5-1EAD1B24183B}.Debug|Any CPU.ActiveCfg = Debug|Any CPU
		{D1C1ED54-74C3-481A-87C5-1EAD1B24183B}.Debug|Any CPU.Build.0 = Debug|Any CPU
		{D1C1ED54-74C3-481A-87C5-1EAD1B24183B}.Release|Any CPU.ActiveCfg = Release|Any CPU
		{D1C1ED54-74C3-481A-87C5-1EAD1B24183B}.Release|Any CPU.Build.0 = Release|Any CPU
		{27C114D9-833F-47FD-B384-4E1BCC9B84A0}.Debug|Any CPU.ActiveCfg = Debug|Any CPU
		{27C114D9-833F-47FD-B384-4E1BCC9B84A0}.Debug|Any CPU.Build.0 = Debug|Any CPU
		{27C114D9-833F-47FD-B384-4E1BCC9B84A0}.Release|Any CPU.ActiveCfg = Release|Any CPU
		{27C114D9-833F-47FD-B384-4E1BCC9B84A0}.Release|Any CPU.Build.0 = Release|Any CPU
		{1F0F724E-8E6D-40F9-9A29-A90DEFD05266}.Debug|Any CPU.ActiveCfg = Debug|Any CPU
		{1F0F724E-8E6D-40F9-9A29-A90DEFD05266}.Debug|Any CPU.Build.0 = Debug|Any CPU
		{1F0F724E-8E6D-40F9-9A29-A90DEFD05266}.Release|Any CPU.ActiveCfg = Release|Any CPU
		{1F0F724E-8E6D-40F9-9A29-A90DEFD05266}.Release|Any CPU.Build.0 = Release|Any CPU
		{784E6791-488A-4140-8BF1-0BE74477D96F}.Debug|Any CPU.ActiveCfg = Debug|Any CPU
		{784E6791-488A-4140-8BF1-0BE74477D96F}.Debug|Any CPU.Build.0 = Debug|Any CPU
		{784E6791-488A-4140-8BF1-0BE74477D96F}.Release|Any CPU.ActiveCfg = Release|Any CPU
		{784E6791-488A-4140-8BF1-0BE74477D96F}.Release|Any CPU.Build.0 = Release|Any CPU
		{00E8ADD8-9CAC-4F1E-AC99-363CE8FFF910}.Debug|Any CPU.ActiveCfg = Debug|Any CPU
		{00E8ADD8-9CAC-4F1E-AC99-363CE8FFF910}.Debug|Any CPU.Build.0 = Debug|Any CPU
		{00E8ADD8-9CAC-4F1E-AC99-363CE8FFF910}.Release|Any CPU.ActiveCfg = Release|Any CPU
		{00E8ADD8-9CAC-4F1E-AC99-363CE8FFF910}.Release|Any CPU.Build.0 = Release|Any CPU
	EndGlobalSection
	GlobalSection(SolutionProperties) = preSolution
		HideSolutionNode = FALSE
	EndGlobalSection
	GlobalSection(ExtensibilityGlobals) = postSolution
		SolutionGuid = {AFFD2C11-FFF7-4A61-8374-DEEB71BC2432}
	EndGlobalSection
EndGlobal
