
Microsoft Visual Studio Solution File, Format Version 12.00
# Visual Studio Express 15 for Windows Desktop
VisualStudioVersion = 15.0.28307.852
MinimumVisualStudioVersion = 10.0.40219.1
Project("{FAE04EC0-301F-11D3-BF4B-00C04F79EFBC}") = "Entidades", "Entidades\Entidades.csproj", "{B50CF405-CD4F-4663-8E43-02660DB98E81}"
EndProject
Project("{FAE04EC0-301F-11D3-BF4B-00C04F79EFBC}") = "MiCalculadora", "MiCalculadora\MiCalculadora.csproj", "{01DE295F-EF4B-44D9-9D77-B81351D257E5}"
EndProject
Global
	GlobalSection(SolutionConfigurationPlatforms) = preSolution
		Debug|Any CPU = Debug|Any CPU
		Release|Any CPU = Release|Any CPU
	EndGlobalSection
	GlobalSection(ProjectConfigurationPlatforms) = postSolution
		{B50CF405-CD4F-4663-8E43-02660DB98E81}.Debug|Any CPU.ActiveCfg = Debug|Any CPU
		{B50CF405-CD4F-4663-8E43-02660DB98E81}.Debug|Any CPU.Build.0 = Debug|Any CPU
		{B50CF405-CD4F-4663-8E43-02660DB98E81}.Release|Any CPU.ActiveCfg = Release|Any CPU
		{B50CF405-CD4F-4663-8E43-02660DB98E81}.Release|Any CPU.Build.0 = Release|Any CPU
		{01DE295F-EF4B-44D9-9D77-B81351D257E5}.Debug|Any CPU.ActiveCfg = Debug|Any CPU
		{01DE295F-EF4B-44D9-9D77-B81351D257E5}.Debug|Any CPU.Build.0 = Debug|Any CPU
		{01DE295F-EF4B-44D9-9D77-B81351D257E5}.Release|Any CPU.ActiveCfg = Release|Any CPU
		{01DE295F-EF4B-44D9-9D77-B81351D257E5}.Release|Any CPU.Build.0 = Release|Any CPU
	EndGlobalSection
	GlobalSection(SolutionProperties) = preSolution
		HideSolutionNode = FALSE
	EndGlobalSection
	GlobalSection(ExtensibilityGlobals) = postSolution
		SolutionGuid = {C0E2C01D-8BB5-4162-BE96-CE8BE4A03496}
	EndGlobalSection
EndGlobal
